{
    "name": "sentix/general",
    "version": "1.0.1",
    "description": "my own package for my personal usage",
    "type": "library",
    "license": "MIT",
    "autoload": {
        "psr-4": {
            "Sentix\\": "src/Kvbishnoi/"
        }
    },
    "authors": [
        {
            "name": "Vikas Kumar",
            "email": "shambishnoi75@gmail.com"
        }
    ],
    "require": {
        "illuminate/support": "^11.0",
        "php": "^8.1"
    }
}
